// !$*UTF8*$!
{
	archiveVersion = 1;
	classes = {
	};
	objectVersion = 50;
	objects = {

/* Begin PBXBuildFile section */
		2924FD0C226CE4D100CA8BF5 /* HTTPHandler.swift in Sources */ = {isa = PBXBuildFile; fileRef = 2924FD0B226CE4D100CA8BF5 /* HTTPHandler.swift */; };
		2924FD0E226CE75700CA8BF5 /* JSONParser.swift in Sources */ = {isa = PBXBuildFile; fileRef = 2924FD0D226CE75700CA8BF5 /* JSONParser.swift */; };
		2924FD10226CE88C00CA8BF5 /* MovieDataProcessor.swift in Sources */ = {isa = PBXBuildFile; fileRef = 2924FD0F226CE88C00CA8BF5 /* MovieDataProcessor.swift */; };
		29F7134C226BD38000E34D59 /* AppDelegate.swift in Sources */ = {isa = PBXBuildFile; fileRef = 29F7134B226BD38000E34D59 /* AppDelegate.swift */; };
		29F7134E226BD38000E34D59 /* ViewController.swift in Sources */ = {isa = PBXBuildFile; fileRef = 29F7134D226BD38000E34D59 /* ViewController.swift */; };
		29F71351226BD38000E34D59 /* Main.storyboard in Resources */ = {isa = PBXBuildFile; fileRef = 29F7134F226BD38000E34D59 /* Main.storyboard */; };
		29F71353226BD38100E34D59 /* Assets.xcassets in Resources */ = {isa = PBXBuildFile; fileRef = 29F71352226BD38100E34D59 /* Assets.xcassets */; };
		29F71356226BD38100E34D59 /* LaunchScreen.storyboard in Resources */ = {isa = PBXBuildFile; fileRef = 29F71354226BD38100E34D59 /* LaunchScreen.storyboard */; };
		29F7135E226BD6F600E34D59 /* CustomTableViewCell.swift in Sources */ = {isa = PBXBuildFile; fileRef = 29F7135D226BD6F600E34D59 /* CustomTableViewCell.swift */; };
		29F71360226BD89A00E34D59 /* Movie.swift in Sources */ = {isa = PBXBuildFile; fileRef = 29F7135F226BD89A00E34D59 /* Movie.swift */; };
		29F71362226BE31900E34D59 /* SearchViewController.swift in Sources */ = {isa = PBXBuildFile; fileRef = 29F71361226BE31900E34D59 /* SearchViewController.swift */; };
/* End PBXBuildFile section */

/* Begin PBXFileReference section */
		2924FD0B226CE4D100CA8BF5 /* HTTPHandler.swift */ = {isa = PBXFileReference; lastKnownFileType = sourcecode.swift; path = HTTPHandler.swift; sourceTree = "<group>"; };
		2924FD0D226CE75700CA8BF5 /* JSONParser.swift */ = {isa = PBXFileReference; lastKnownFileType = sourcecode.swift; path = JSONParser.swift; sourceTree = "<group>"; };
		2924FD0F226CE88C00CA8BF5 /* MovieDataProcessor.swift */ = {isa = PBXFileReference; lastKnownFileType = sourcecode.swift; path = MovieDataProcessor.swift; sourceTree = "<group>"; };
		29F71348226BD38000E34D59 /* movies-app.app */ = {isa = PBXFileReference; explicitFileType = wrapper.application; includeInIndex = 0; path = "movies-app.app"; sourceTree = BUILT_PRODUCTS_DIR; };
		29F7134B226BD38000E34D59 /* AppDelegate.swift */ = {isa = PBXFileReference; lastKnownFileType = sourcecode.swift; path = AppDelegate.swift; sourceTree = "<group>"; };
		29F7134D226BD38000E34D59 /* ViewController.swift */ = {isa = PBXFileReference; lastKnownFileType = sourcecode.swift; path = ViewController.swift; sourceTree = "<group>"; };
		29F71350226BD38000E34D59 /* Base */ = {isa = PBXFileReference; lastKnownFileType = file.storyboard; name = Base; path = Base.lproj/Main.storyboard; sourceTree = "<group>"; };
		29F71352226BD38100E34D59 /* Assets.xcassets */ = {isa = PBXFileReference; lastKnownFileType = folder.assetcatalog; path = Assets.xcassets; sourceTree = "<group>"; };
		29F71355226BD38100E34D59 /* Base */ = {isa = PBXFileReference; lastKnownFileType = file.storyboard; name = Base; path = Base.lproj/LaunchScreen.storyboard; sourceTree = "<group>"; };
		29F71357226BD38100E34D59 /* Info.plist */ = {isa = PBXFileReference; lastKnownFileType = text.plist.xml; path = Info.plist; sourceTree = "<group>"; };
		29F7135D226BD6F600E34D59 /* CustomTableViewCell.swift */ = {isa = PBXFileReference; lastKnownFileType = sourcecode.swift; path = CustomTableViewCell.swift; sourceTree = "<group>"; };
		29F7135F226BD89A00E34D59 /* Movie.swift */ = {isa = PBXFileReference; lastKnownFileType = sourcecode.swift; path = Movie.swift; sourceTree = "<group>"; };
		29F71361226BE31900E34D59 /* SearchViewController.swift */ = {isa = PBXFileReference; lastKnownFileType = sourcecode.swift; path = SearchViewController.swift; sourceTree = "<group>"; };
/* End PBXFileReference section */

/* Begin PBXFrameworksBuildPhase section */
		29F71345226BD38000E34D59 /* Frameworks */ = {
			isa = PBXFrameworksBuildPhase;
			buildActionMask = 2147483647;
			files = (
			);
			runOnlyForDeploymentPostprocessing = 0;
		};
/* End PBXFrameworksBuildPhase section */

/* Begin PBXGroup section */
		29F7133F226BD38000E34D59 = {
			isa = PBXGroup;
			children = (
				29F7134A226BD38000E34D59 /* movies-app */,
				29F71349226BD38000E34D59 /* Products */,
			);
			sourceTree = "<group>";
		};
		29F71349226BD38000E34D59 /* Products */ = {
			isa = PBXGroup;
			children = (
				29F71348226BD38000E34D59 /* movies-app.app */,
			);
			name = Products;
			sourceTree = "<group>";
		};
		29F7134A226BD38000E34D59 /* movies-app */ = {
			isa = PBXGroup;
			children = (
				29F7134B226BD38000E34D59 /* AppDelegate.swift */,
				29F7134D226BD38000E34D59 /* ViewController.swift */,
				29F7134F226BD38000E34D59 /* Main.storyboard */,
				29F71361226BE31900E34D59 /* SearchViewController.swift */,
				29F71352226BD38100E34D59 /* Assets.xcassets */,
				29F71354226BD38100E34D59 /* LaunchScreen.storyboard */,
				29F71357226BD38100E34D59 /* Info.plist */,
				29F7135D226BD6F600E34D59 /* CustomTableViewCell.swift */,
				29F7135F226BD89A00E34D59 /* Movie.swift */,
				2924FD0B226CE4D100CA8BF5 /* HTTPHandler.swift */,
				2924FD0D226CE75700CA8BF5 /* JSONParser.swift */,
				2924FD0F226CE88C00CA8BF5 /* MovieDataProcessor.swift */,
			);
			path = "movies-app";
			sourceTree = "<group>";
		};
/* End PBXGroup section */

/* Begin PBXNativeTarget section */
		29F71347226BD38000E34D59 /* movies-app */ = {
			isa = PBXNativeTarget;
			buildConfigurationList = 29F7135A226BD38100E34D59 /* Build configuration list for PBXNativeTarget "movies-app" */;
			buildPhases = (
				29F71344226BD38000E34D59 /* Sources */,
				29F71345226BD38000E34D59 /* Frameworks */,
				29F71346226BD38000E34D59 /* Resources */,
			);
			buildRules = (
			);
			dependencies = (
			);
			name = "movies-app";
			productName = "movies-app";
			productReference = 29F71348226BD38000E34D59 /* movies-app.app */;
			productType = "com.apple.product-type.application";
		};
/* End PBXNativeTarget section */

/* Begin PBXProject section */
		29F71340226BD38000E34D59 /* Project object */ = {
			isa = PBXProject;
			attributes = {
				LastSwiftUpdateCheck = 1020;
				LastUpgradeCheck = 1020;
				ORGANIZATIONNAME = "Viktor Sec";
				TargetAttributes = {
					29F71347226BD38000E34D59 = {
						CreatedOnToolsVersion = 10.2.1;
					};
				};
			};
			buildConfigurationList = 29F71343226BD38000E34D59 /* Build configuration list for PBXProject "movies-app" */;
			compatibilityVersion = "Xcode 9.3";
			developmentRegion = en;
			hasScannedForEncodings = 0;
			knownRegions = (
				en,
				Base,
			);
			mainGroup = 29F7133F226BD38000E34D59;
			productRefGroup = 29F71349226BD38000E34D59 /* Products */;
			projectDirPath = "";
			projectRoot = "";
			targets = (
				29F71347226BD38000E34D59 /* movies-app */,
			);
		};
/* End PBXProject section */

/* Begin PBXResourcesBuildPhase section */
		29F71346226BD38000E34D59 /* Resources */ = {
			isa = PBXResourcesBuildPhase;
			buildActionMask = 2147483647;
			files = (
				29F71356226BD38100E34D59 /* LaunchScreen.storyboard in Resources */,
				29F71353226BD38100E34D59 /* Assets.xcassets in Resources */,
				29F71351226BD38000E34D59 /* Main.storyboard in Resources */,
			);
			runOnlyForDeploymentPostprocessing = 0;
		};
/* End PBXResourcesBuildPhase section */

/* Begin PBXSourcesBuildPhase section */
		29F71344226BD38000E34D59 /* Sources */ = {
			isa = PBXSourcesBuildPhase;
			buildActionMask = 2147483647;
			files = (
				29F71362226BE31900E34D59 /* SearchViewController.swift in Sources */,
				29F7135E226BD6F600E34D59 /* CustomTableViewCell.swift in Sources */,
				2924FD0E226CE75700CA8BF5 /* JSONParser.swift in Sources */,
				29F7134E226BD38000E34D59 /* ViewController.swift in Sources */,
				29F71360226BD89A00E34D59 /* Movie.swift in Sources */,
				2924FD10226CE88C00CA8BF5 /* MovieDataProcessor.swift in Sources */,
				2924FD0C226CE4D100CA8BF5 /* HTTPHandler.swift in Sources */,
				29F7134C226BD38000E34D59 /* AppDelegate.swift in Sources */,
			);
			runOnlyForDeploymentPostprocessing = 0;
		};
/* End PBXSourcesBuildPhase section */

/* Begin PBXVariantGroup section */
		29F7134F226BD38000E34D59 /* Main.storyboard */ = {
			isa = PBXVariantGroup;
			children = (
				29F71350226BD38000E34D59 /* Base */,
			);
			name = Main.storyboard;
			sourceTree = "<group>";
		};
		29F71354226BD38100E34D59 /* LaunchScreen.storyboard */ = {
			isa = PBXVariantGroup;
			children = (
				29F71355226BD38100E34D59 /* Base */,
			);
			name = LaunchScreen.storyboard;
			sourceTree = "<group>";
		};
/* End PBXVariantGroup section */

/* Begin XCBuildConfiguration section */
		29F71358226BD38100E34D59 /* Debug */ = {
			isa = XCBuildConfiguration;
			buildSettings = {
				ALWAYS_SEARCH_USER_PATHS = NO;
				CLANG_ANALYZER_NONNULL = YES;
				CLANG_ANALYZER_NUMBER_OBJECT_CONVERSION = YES_AGGRESSIVE;
				CLANG_CXX_LANGUAGE_STANDARD = "gnu++14";
				CLANG_CXX_LIBRARY = "libc++";
				CLANG_ENABLE_MODULES = YES;
				CLANG_ENABLE_OBJC_ARC = YES;
				CLANG_ENABLE_OBJC_WEAK = YES;
				CLANG_WARN_BLOCK_CAPTURE_AUTORELEASING = YES;
				CLANG_WARN_BOOL_CONVERSION = YES;
				CLANG_WARN_COMMA = YES;
				CLANG_WARN_CONSTANT_CONVERSION = YES;
				CLANG_WARN_DEPRECATED_OBJC_IMPLEMENTATIONS = YES;
				CLANG_WARN_DIRECT_OBJC_ISA_USAGE = YES_ERROR;
				CLANG_WARN_DOCUMENTATION_COMMENTS = YES;
				CLANG_WARN_EMPTY_BODY = YES;
				CLANG_WARN_ENUM_CONVERSION = YES;
				CLANG_WARN_INFINITE_RECURSION = YES;
				CLANG_WARN_INT_CONVERSION = YES;
				CLANG_WARN_NON_LITERAL_NULL_CONVERSION = YES;
				CLANG_WARN_OBJC_IMPLICIT_RETAIN_SELF = YES;
				CLANG_WARN_OBJC_LITERAL_CONVERSION = YES;
				CLANG_WARN_OBJC_ROOT_CLASS = YES_ERROR;
				CLANG_WARN_RANGE_LOOP_ANALYSIS = YES;
				CLANG_WARN_STRICT_PROTOTYPES = YES;
				CLANG_WARN_SUSPICIOUS_MOVE = YES;
				CLANG_WARN_UNGUARDED_AVAILABILITY = YES_AGGRESSIVE;
				CLANG_WARN_UNREACHABLE_CODE = YES;
				CLANG_WARN__DUPLICATE_METHOD_MATCH = YES;
				CODE_SIGN_IDENTITY = "iPhone Developer";
				COPY_PHASE_STRIP = NO;
				DEBUG_INFORMATION_FORMAT = dwarf;
				ENABLE_STRICT_OBJC_MSGSEND = YES;
				ENABLE_TESTABILITY = YES;
				GCC_C_LANGUAGE_STANDARD = gnu11;
				GCC_DYNAMIC_NO_PIC = NO;
				GCC_NO_COMMON_BLOCKS = YES;
				GCC_OPTIMIZATION_LEVEL = 0;
				GCC_PREPROCESSOR_DEFINITIONS = (
					"DEBUG=1",
					"$(inherited)",
				);
				GCC_WARN_64_TO_32_BIT_CONVERSION = YES;
				GCC_WARN_ABOUT_RETURN_TYPE = YES_ERROR;
				GCC_WARN_UNDECLARED_SELECTOR = YES;
				GCC_WARN_UNINITIALIZED_AUTOS = YES_AGGRESSIVE;
				GCC_WARN_UNUSED_FUNCTION = YES;
				GCC_WARN_UNUSED_VARIABLE = YES;
				IPHONEOS_DEPLOYMENT_TARGET = 12.2;
				MTL_ENABLE_DEBUG_INFO = INCLUDE_SOURCE;
				MTL_FAST_MATH = YES;
				ONLY_ACTIVE_ARCH = YES;
				SDKROOT = iphoneos;
				SWIFT_ACTIVE_COMPILATION_CONDITIONS = DEBUG;
				SWIFT_OPTIMIZATION_LEVEL = "-Onone";
			};
			name = Debug;
		};
		29F71359226BD38100E34D59 /* Release */ = {
			isa = XCBuildConfiguration;
			buildSettings = {
				ALWAYS_SEARCH_USER_PATHS = NO;
				CLANG_ANALYZER_NONNULL = YES;
				CLANG_ANALYZER_NUMBER_OBJECT_CONVERSION = YES_AGGRESSIVE;
				CLANG_CXX_LANGUAGE_STANDARD = "gnu++14";
				CLANG_CXX_LIBRARY = "libc++";
				CLANG_ENABLE_MODULES = YES;
				CLANG_ENABLE_OBJC_ARC = YES;
				CLANG_ENABLE_OBJC_WEAK = YES;
				CLANG_WARN_BLOCK_CAPTURE_AUTORELEASING = YES;
				CLANG_WARN_BOOL_CONVERSION = YES;
				CLANG_WARN_COMMA = YES;
				CLANG_WARN_CONSTANT_CONVERSION = YES;
				CLANG_WARN_DEPRECATED_OBJC_IMPLEMENTATIONS = YES;
				CLANG_WARN_DIRECT_OBJC_ISA_USAGE = YES_ERROR;
				CLANG_WARN_DOCUMENTATION_COMMENTS = YES;
				CLANG_WARN_EMPTY_BODY = YES;
				CLANG_WARN_ENUM_CONVERSION = YES;
				CLANG_WARN_INFINITE_RECURSION = YES;
				CLANG_WARN_INT_CONVERSION = YES;
				CLANG_WARN_NON_LITERAL_NULL_CONVERSION = YES;
				CLANG_WARN_OBJC_IMPLICIT_RETAIN_SELF = YES;
				CLANG_WARN_OBJC_LITERAL_CONVERSION = YES;
				CLANG_WARN_OBJC_ROOT_CLASS = YES_ERROR;
				CLANG_WARN_RANGE_LOOP_ANALYSIS = YES;
				CLANG_WARN_STRICT_PROTOTYPES = YES;
				CLANG_WARN_SUSPICIOUS_MOVE = YES;
				CLANG_WARN_UNGUARDED_AVAILABILITY = YES_AGGRESSIVE;
				CLANG_WARN_UNREACHABLE_CODE = YES;
				CLANG_WARN__DUPLICATE_METHOD_MATCH = YES;
				CODE_SIGN_IDENTITY = "iPhone Developer";
				COPY_PHASE_STRIP = NO;
				DEBUG_INFORMATION_FORMAT = "dwarf-with-dsym";
				ENABLE_NS_ASSERTIONS = NO;
				ENABLE_STRICT_OBJC_MSGSEND = YES;
				GCC_C_LANGUAGE_STANDARD = gnu11;
				GCC_NO_COMMON_BLOCKS = YES;
				GCC_WARN_64_TO_32_BIT_CONVERSION = YES;
				GCC_WARN_ABOUT_RETURN_TYPE = YES_ERROR;
				GCC_WARN_UNDECLARED_SELECTOR = YES;
				GCC_WARN_UNINITIALIZED_AUTOS = YES_AGGRESSIVE;
				GCC_WARN_UNUSED_FUNCTION = YES;
				GCC_WARN_UNUSED_VARIABLE = YES;
				IPHONEOS_DEPLOYMENT_TARGET = 12.2;
				MTL_ENABLE_DEBUG_INFO = NO;
				MTL_FAST_MATH = YES;
				SDKROOT = iphoneos;
				SWIFT_COMPILATION_MODE = wholemodule;
				SWIFT_OPTIMIZATION_LEVEL = "-O";
				VALIDATE_PRODUCT = YES;
			};
			name = Release;
		};
		29F7135B226BD38100E34D59 /* Debug */ = {
			isa = XCBuildConfiguration;
			buildSettings = {
				ASSETCATALOG_COMPILER_APPICON_NAME = AppIcon;
				CODE_SIGN_STYLE = Automatic;
				INFOPLIST_FILE = "movies-app/Info.plist";
				LD_RUNPATH_SEARCH_PATHS = (
					"$(inherited)",
					"@executable_path/Frameworks",
				);
				PRODUCT_BUNDLE_IDENTIFIER = "com.movies-app";
				PRODUCT_NAME = "$(TARGET_NAME)";
				SWIFT_VERSION = 5.0;
				TARGETED_DEVICE_FAMILY = "1,2";
			};
			name = Debug;
		};
		29F7135C226BD38100E34D59 /* Release */ = {
			isa = XCBuildConfiguration;
			buildSettings = {
				ASSETCATALOG_COMPILER_APPICON_NAME = AppIcon;
				CODE_SIGN_STYLE = Automatic;
				INFOPLIST_FILE = "movies-app/Info.plist";
				LD_RUNPATH_SEARCH_PATHS = (
					"$(inherited)",
					"@executable_path/Frameworks",
				);
				PRODUCT_BUNDLE_IDENTIFIER = "com.movies-app";
				PRODUCT_NAME = "$(TARGET_NAME)";
				SWIFT_VERSION = 5.0;
				TARGETED_DEVICE_FAMILY = "1,2";
			};
			name = Release;
		};
/* End XCBuildConfiguration section */

/* Begin XCConfigurationList section */
		29F71343226BD38000E34D59 /* Build configuration list for PBXProject "movies-app" */ = {
			isa = XCConfigurationList;
			buildConfigurations = (
				29F71358226BD38100E34D59 /* Debug */,
				29F71359226BD38100E34D59 /* Release */,
			);
			defaultConfigurationIsVisible = 0;
			defaultConfigurationName = Release;
		};
		29F7135A226BD38100E34D59 /* Build configuration list for PBXNativeTarget "movies-app" */ = {
			isa = XCConfigurationList;
			buildConfigurations = (
				29F7135B226BD38100E34D59 /* Debug */,
				29F7135C226BD38100E34D59 /* Release */,
			);
			defaultConfigurationIsVisible = 0;
			defaultConfigurationName = Release;
		};
/* End XCConfigurationList section */
	};
	rootObject = 29F71340226BD38000E34D59 /* Project object */;
}
